
Microsoft Visual Studio Solution File, Format Version 12.00
# Visual Studio 15
VisualStudioVersion = 15.0.28307.2092
MinimumVisualStudioVersion = 10.0.40219.1
Project("{FAE04EC0-301F-11D3-BF4B-00C04F79EFBC}") = "ProductsCatalogCleanArchMvc.Domain", "ProductsCatalogCleanArchMvc.Domain\ProductsCatalogCleanArchMvc.Domain.csproj", "{6EBCBB7D-0751-4D62-AB89-B94CF5619550}"
EndProject
Global
	GlobalSection(SolutionConfigurationPlatforms) = preSolution
		Debug|Any CPU = Debug|Any CPU
		Release|Any CPU = Release|Any CPU
	EndGlobalSection
	GlobalSection(ProjectConfigurationPlatforms) = postSolution
		{6EBCBB7D-0751-4D62-AB89-B94CF5619550}.Debug|Any CPU.ActiveCfg = Debug|Any CPU
		{6EBCBB7D-0751-4D62-AB89-B94CF5619550}.Debug|Any CPU.Build.0 = Debug|Any CPU
		{6EBCBB7D-0751-4D62-AB89-B94CF5619550}.Release|Any CPU.ActiveCfg = Release|Any CPU
		{6EBCBB7D-0751-4D62-AB89-B94CF5619550}.Release|Any CPU.Build.0 = Release|Any CPU
	EndGlobalSection
	GlobalSection(SolutionProperties) = preSolution
		HideSolutionNode = FALSE
	EndGlobalSection
	GlobalSection(ExtensibilityGlobals) = postSolution
		SolutionGuid = {12B71D6C-8905-4751-8206-956C6454A635}
	EndGlobalSection
EndGlobal
